
Microsoft Visual Studio Solution File, Format Version 12.00
# Visual Studio 15
VisualStudioVersion = 15.0.28010.2026
MinimumVisualStudioVersion = 10.0.40219.1
Project("{FAE04EC0-301F-11D3-BF4B-00C04F79EFBC}") = "TravelContentManagementEditor", "TravelContentManagementEditor\TravelContentManagementEditor.csproj", "{7E11E136-2C30-4903-86D5-F8B3660B3FCC}"
EndProject
Global
	GlobalSection(SolutionConfigurationPlatforms) = preSolution
		Debug|Any CPU = Debug|Any CPU
		Release|Any CPU = Release|Any CPU
	EndGlobalSection
	GlobalSection(ProjectConfigurationPlatforms) = postSolution
		{7E11E136-2C30-4903-86D5-F8B3660B3FCC}.Debug|Any CPU.ActiveCfg = Debug|Any CPU
		{7E11E136-2C30-4903-86D5-F8B3660B3FCC}.Debug|Any CPU.Build.0 = Debug|Any CPU
		{7E11E136-2C30-4903-86D5-F8B3660B3FCC}.Release|Any CPU.ActiveCfg = Release|Any CPU
		{7E11E136-2C30-4903-86D5-F8B3660B3FCC}.Release|Any CPU.Build.0 = Release|Any CPU
	EndGlobalSection
	GlobalSection(SolutionProperties) = preSolution
		HideSolutionNode = FALSE
	EndGlobalSection
	GlobalSection(ExtensibilityGlobals) = postSolution
		SolutionGuid = {99DB35A0-E22F-4F09-B807-97DDF7AB75EA}
	EndGlobalSection
EndGlobal
